# This file is automatically @generated by Cargo.
# It is not intended for manual editing.
version = 4

[[package]]
name = "chr-boxes"
version = "0.1.0"
dependencies = [
 "chr-cases",
 "chr-observe",
 "chr-syntax",
]

[[package]]
name = "chr-cases"
version = "0.1.0"
dependencies = [
 "chr-programs",
 "chr-reference",
 "chr-syntax",
]

[[package]]
name = "chr-compiled"
version = "0.1.0"
dependencies = [
 "chr-cases",
 "chr-observe",
 "chr-persistent",
 "chr-syntax",
]

[[package]]
name = "chr-conditional"
version = "0.1.0"
dependencies = [
 "chr-cases",
 "chr-observe",
 "chr-syntax",
]

[[package]]
name = "chr-direct-choice"
version = "0.1.0"
dependencies = [
 "chr-syntax",
]

[[package]]
name = "chr-direct-conditional"
version = "0.1.0"
dependencies = [
 "chr-compiled",
 "chr-direct-choice",
 "chr-observe",
 "chr-relational",
 "chr-syntax",
]

[[package]]
name = "chr-direct-relation"
version = "0.1.0"
dependencies = [
 "chr-compiled",
 "chr-observe",
 "chr-syntax",
]

[[package]]
name = "chr-direct-solver"
version = "0.1.0"
dependencies = [
 "chr-reference",
 "chr-syntax",
]

[[package]]
name = "chr-factors"
version = "0.1.0"
dependencies = [
 "chr-cases",
 "chr-compiled",
 "chr-observe",
 "chr-persistent",
 "chr-reference",
 "chr-syntax",
]

[[package]]
name = "chr-family"
version = "0.1.0"
dependencies = [
 "chr-observe",
 "chr-reference",
 "chr-syntax",
]

[[package]]
name = "chr-finite"
version = "0.1.0"
dependencies = [
 "chr-compiled",
 "chr-persistent",
 "chr-syntax",
]

[[package]]
name = "chr-graph"
version = "0.1.0"
dependencies = [
 "chr-cases",
 "chr-observe",
 "chr-syntax",
]

[[package]]
name = "chr-integrated"
version = "0.1.0"
dependencies = [
 "chr-compiled",
 "chr-observe",
 "chr-persistent",
 "chr-syntax",
]

[[package]]
name = "chr-observe"
version = "0.1.0"
dependencies = [
 "chr-reference",
 "chr-syntax",
]

[[package]]
name = "chr-persistent"
version = "0.1.0"
dependencies = [
 "chr-cases",
 "chr-observe",
 "chr-syntax",
]

[[package]]
name = "chr-programs"
version = "0.1.0"
dependencies = [
 "chr-syntax",
]

[[package]]
name = "chr-reference"
version = "0.1.0"
dependencies = [
 "chr-programs",
 "chr-syntax",
]

[[package]]
name = "chr-relational"
version = "0.1.0"
dependencies = [
 "chr-compiled",
 "chr-integrated",
 "chr-observe",
 "chr-persistent",
 "chr-syntax",
]

[[package]]
name = "chr-restoration"
version = "0.1.0"
dependencies = [
 "chr-compiled",
 "chr-factors",
 "chr-observe",
 "chr-syntax",
]

[[package]]
name = "chr-reuse"
version = "0.1.0"
dependencies = [
 "chr-cases",
 "chr-compiled",
 "chr-direct-choice",
 "chr-direct-conditional",
 "chr-observe",
 "chr-persistent",
 "chr-reference",
 "chr-syntax",
]

[[package]]
name = "chr-specialize"
version = "0.1.0"
dependencies = [
 "chr-cases",
 "chr-observe",
 "chr-persistent",
 "chr-programs",
 "chr-reference",
 "chr-syntax",
]

[[package]]
name = "chr-structural"
version = "0.1.0"
dependencies = [
 "chr-observe",
 "chr-reference",
 "chr-syntax",
]

[[package]]
name = "chr-symbolic-fixtures"
version = "0.1.0"
dependencies = [
 "chr-cases",
 "chr-reference",
 "chr-syntax",
]

[[package]]
name = "chr-syntax"
version = "0.1.0"
