# This file is automatically @generated by Cargo.
# It is not intended for manual editing.
version = 4

[[package]]
name = "chr-cases"
version = "0.1.0"
dependencies = [
 "chr-programs",
 "chr-reference",
 "chr-syntax",
]

[[package]]
name = "chr-programs"
version = "0.1.0"
dependencies = [
 "chr-syntax",
]

[[package]]
name = "chr-reference"
version = "0.1.0"
dependencies = [
 "chr-programs",
 "chr-syntax",
]

[[package]]
name = "chr-syntax"
version = "0.1.0"
