# This file is automatically @generated by Cargo.
# It is not intended for manual editing.
version = 4

[[package]]
name = "chr-compiled"
version = "0.1.0"
dependencies = [
 "chr-observe",
 "chr-persistent",
 "chr-syntax",
]

[[package]]
name = "chr-observe"
version = "0.1.0"
dependencies = [
 "chr-syntax",
]

[[package]]
name = "chr-persistent"
version = "0.1.0"
dependencies = [
 "chr-observe",
 "chr-syntax",
]

[[package]]
name = "chr-syntax"
version = "0.1.0"

[[package]]
name = "session-direct"
version = "0.0.0"
dependencies = [
 "chr-compiled",
 "chr-syntax",
]
